
Microsoft Visual Studio Solution File, Format Version 12.00
# Visual Studio 15
VisualStudioVersion = 15.0.27703.2042
MinimumVisualStudioVersion = 10.0.40219.1
Project("{FAE04EC0-301F-11D3-BF4B-00C04F79EFBC}") = "BlackJack.Web", "BlackJackFilenko\BlackJack.Web.csproj", "{70B6DD05-A3D7-4620-A4CC-5A8D6FB9B5EA}"
EndProject
Project("{FAE04EC0-301F-11D3-BF4B-00C04F79EFBC}") = "BlackJack.DataAccess", "BlackJack.DataAccessLayer\BlackJack.DataAccess.csproj", "{B9E92CF3-381C-4673-9760-EA13DCD86AB8}"
EndProject
Project("{FAE04EC0-301F-11D3-BF4B-00C04F79EFBC}") = "BlackJack.Entities", "BalackJack.EntitiesLayer\BlackJack.Entities.csproj", "{7601D080-254D-49AB-8B97-3B44EEF62D8E}"
EndProject
Project("{FAE04EC0-301F-11D3-BF4B-00C04F79EFBC}") = "BlackJack.BusinessLogic", "BlackJack.BusinessLogicLayer\BlackJack.BusinessLogic.csproj", "{39A6783F-B72B-4F21-8A6B-E8D3E51847C5}"
EndProject
Project("{FAE04EC0-301F-11D3-BF4B-00C04F79EFBC}") = "BlackJack.ViewModels", "BlackJack.ViewModelsLayer\BlackJack.ViewModels.csproj", "{68C675B3-F481-48AD-9B84-FFA043AAC907}"
EndProject
Project("{FAE04EC0-301F-11D3-BF4B-00C04F79EFBC}") = "BlackJack.WebAPI", "BlackJack.WebAPI\BlackJack.WebAPI.csproj", "{8DB9A126-0BE0-42EA-805B-90F5586862ED}"
EndProject
Project("{FAE04EC0-301F-11D3-BF4B-00C04F79EFBC}") = "Blackjack.Angular", "Blackjack.Angular\Blackjack.Angular.csproj", "{4151E04A-BBF7-4D51-9CF8-29EF9A72F88D}"
EndProject
Project("{FAE04EC0-301F-11D3-BF4B-00C04F79EFBC}") = "Blackjack.Angular6", "Blackjack.Angular6\Blackjack.Angular6.csproj", "{2F786A82-992E-4F9C-BCF4-98A403104ACD}"
EndProject
Global
	GlobalSection(SolutionConfigurationPlatforms) = preSolution
		Debug|Any CPU = Debug|Any CPU
		Release|Any CPU = Release|Any CPU
	EndGlobalSection
	GlobalSection(ProjectConfigurationPlatforms) = postSolution
		{70B6DD05-A3D7-4620-A4CC-5A8D6FB9B5EA}.Debug|Any CPU.ActiveCfg = Debug|Any CPU
		{70B6DD05-A3D7-4620-A4CC-5A8D6FB9B5EA}.Debug|Any CPU.Build.0 = Debug|Any CPU
		{70B6DD05-A3D7-4620-A4CC-5A8D6FB9B5EA}.Release|Any CPU.ActiveCfg = Release|Any CPU
		{70B6DD05-A3D7-4620-A4CC-5A8D6FB9B5EA}.Release|Any CPU.Build.0 = Release|Any CPU
		{B9E92CF3-381C-4673-9760-EA13DCD86AB8}.Debug|Any CPU.ActiveCfg = Debug|Any CPU
		{B9E92CF3-381C-4673-9760-EA13DCD86AB8}.Debug|Any CPU.Build.0 = Debug|Any CPU
		{B9E92CF3-381C-4673-9760-EA13DCD86AB8}.Release|Any CPU.ActiveCfg = Release|Any CPU
		{B9E92CF3-381C-4673-9760-EA13DCD86AB8}.Release|Any CPU.Build.0 = Release|Any CPU
		{7601D080-254D-49AB-8B97-3B44EEF62D8E}.Debug|Any CPU.ActiveCfg = Debug|Any CPU
		{7601D080-254D-49AB-8B97-3B44EEF62D8E}.Debug|Any CPU.Build.0 = Debug|Any CPU
		{7601D080-254D-49AB-8B97-3B44EEF62D8E}.Release|Any CPU.ActiveCfg = Release|Any CPU
		{7601D080-254D-49AB-8B97-3B44EEF62D8E}.Release|Any CPU.Build.0 = Release|Any CPU
		{39A6783F-B72B-4F21-8A6B-E8D3E51847C5}.Debug|Any CPU.ActiveCfg = Debug|Any CPU
		{39A6783F-B72B-4F21-8A6B-E8D3E51847C5}.Debug|Any CPU.Build.0 = Debug|Any CPU
		{39A6783F-B72B-4F21-8A6B-E8D3E51847C5}.Release|Any CPU.ActiveCfg = Release|Any CPU
		{39A6783F-B72B-4F21-8A6B-E8D3E51847C5}.Release|Any CPU.Build.0 = Release|Any CPU
		{68C675B3-F481-48AD-9B84-FFA043AAC907}.Debug|Any CPU.ActiveCfg = Debug|Any CPU
		{68C675B3-F481-48AD-9B84-FFA043AAC907}.Debug|Any CPU.Build.0 = Debug|Any CPU
		{68C675B3-F481-48AD-9B84-FFA043AAC907}.Release|Any CPU.ActiveCfg = Release|Any CPU
		{68C675B3-F481-48AD-9B84-FFA043AAC907}.Release|Any CPU.Build.0 = Release|Any CPU
		{8DB9A126-0BE0-42EA-805B-90F5586862ED}.Debug|Any CPU.ActiveCfg = Debug|Any CPU
		{8DB9A126-0BE0-42EA-805B-90F5586862ED}.Debug|Any CPU.Build.0 = Debug|Any CPU
		{8DB9A126-0BE0-42EA-805B-90F5586862ED}.Release|Any CPU.ActiveCfg = Release|Any CPU
		{8DB9A126-0BE0-42EA-805B-90F5586862ED}.Release|Any CPU.Build.0 = Release|Any CPU
		{4151E04A-BBF7-4D51-9CF8-29EF9A72F88D}.Debug|Any CPU.ActiveCfg = Debug|Any CPU
		{4151E04A-BBF7-4D51-9CF8-29EF9A72F88D}.Debug|Any CPU.Build.0 = Debug|Any CPU
		{4151E04A-BBF7-4D51-9CF8-29EF9A72F88D}.Release|Any CPU.ActiveCfg = Release|Any CPU
		{4151E04A-BBF7-4D51-9CF8-29EF9A72F88D}.Release|Any CPU.Build.0 = Release|Any CPU
		{2F786A82-992E-4F9C-BCF4-98A403104ACD}.Debug|Any CPU.ActiveCfg = Debug|Any CPU
		{2F786A82-992E-4F9C-BCF4-98A403104ACD}.Debug|Any CPU.Build.0 = Debug|Any CPU
		{2F786A82-992E-4F9C-BCF4-98A403104ACD}.Release|Any CPU.ActiveCfg = Release|Any CPU
		{2F786A82-992E-4F9C-BCF4-98A403104ACD}.Release|Any CPU.Build.0 = Release|Any CPU
	EndGlobalSection
	GlobalSection(SolutionProperties) = preSolution
		HideSolutionNode = FALSE
	EndGlobalSection
	GlobalSection(ExtensibilityGlobals) = postSolution
		SolutionGuid = {9D4DF4F2-68F7-4A27-98A9-0B192B42E78D}
	EndGlobalSection
EndGlobal
